
Microsoft Visual Studio Solution File, Format Version 12.00
# Visual Studio Version 17
VisualStudioVersion = 17.10.34916.146
MinimumVisualStudioVersion = 10.0.40219.1
Project("{9A19103F-16F7-4668-BE54-9A1E7A4F7556}") = "ReadAndPersist", "ReadAndPersist\ReadAndPersist.csproj", "{31662F3A-2B83-4B14-80B1-86F5EDFA3C0E}"
EndProject
Project("{9A19103F-16F7-4668-BE54-9A1E7A4F7556}") = "Models", "..\Models\Models\Models.csproj", "{70C0B1F1-1AF9-49DC-AC64-383A92FA90D9}"
EndProject
Project("{9A19103F-16F7-4668-BE54-9A1E7A4F7556}") = "Services", "Services\Services.csproj", "{CC0D96B5-4A4A-4A54-AED4-B5E8089149AB}"
EndProject
Project("{9A19103F-16F7-4668-BE54-9A1E7A4F7556}") = "Repositories", "Repositories\Repositories.csproj", "{35E02022-F3D4-4E44-87F8-7A32CCB3BF65}"
EndProject
Project("{9A19103F-16F7-4668-BE54-9A1E7A4F7556}") = "Controllers", "Controllers\Controllers.csproj", "{43F365E2-B50B-4EFC-A7D4-B01BF2A43A3B}"
EndProject
Global
	GlobalSection(SolutionConfigurationPlatforms) = preSolution
		Debug|Any CPU = Debug|Any CPU
		Release|Any CPU = Release|Any CPU
	EndGlobalSection
	GlobalSection(ProjectConfigurationPlatforms) = postSolution
		{31662F3A-2B83-4B14-80B1-86F5EDFA3C0E}.Debug|Any CPU.ActiveCfg = Debug|Any CPU
		{31662F3A-2B83-4B14-80B1-86F5EDFA3C0E}.Debug|Any CPU.Build.0 = Debug|Any CPU
		{31662F3A-2B83-4B14-80B1-86F5EDFA3C0E}.Release|Any CPU.ActiveCfg = Release|Any CPU
		{31662F3A-2B83-4B14-80B1-86F5EDFA3C0E}.Release|Any CPU.Build.0 = Release|Any CPU
		{70C0B1F1-1AF9-49DC-AC64-383A92FA90D9}.Debug|Any CPU.ActiveCfg = Debug|Any CPU
		{70C0B1F1-1AF9-49DC-AC64-383A92FA90D9}.Debug|Any CPU.Build.0 = Debug|Any CPU
		{70C0B1F1-1AF9-49DC-AC64-383A92FA90D9}.Release|Any CPU.ActiveCfg = Release|Any CPU
		{70C0B1F1-1AF9-49DC-AC64-383A92FA90D9}.Release|Any CPU.Build.0 = Release|Any CPU
		{CC0D96B5-4A4A-4A54-AED4-B5E8089149AB}.Debug|Any CPU.ActiveCfg = Debug|Any CPU
		{CC0D96B5-4A4A-4A54-AED4-B5E8089149AB}.Debug|Any CPU.Build.0 = Debug|Any CPU
		{CC0D96B5-4A4A-4A54-AED4-B5E8089149AB}.Release|Any CPU.ActiveCfg = Release|Any CPU
		{CC0D96B5-4A4A-4A54-AED4-B5E8089149AB}.Release|Any CPU.Build.0 = Release|Any CPU
		{35E02022-F3D4-4E44-87F8-7A32CCB3BF65}.Debug|Any CPU.ActiveCfg = Debug|Any CPU
		{35E02022-F3D4-4E44-87F8-7A32CCB3BF65}.Debug|Any CPU.Build.0 = Debug|Any CPU
		{35E02022-F3D4-4E44-87F8-7A32CCB3BF65}.Release|Any CPU.ActiveCfg = Release|Any CPU
		{35E02022-F3D4-4E44-87F8-7A32CCB3BF65}.Release|Any CPU.Build.0 = Release|Any CPU
		{43F365E2-B50B-4EFC-A7D4-B01BF2A43A3B}.Debug|Any CPU.ActiveCfg = Debug|Any CPU
		{43F365E2-B50B-4EFC-A7D4-B01BF2A43A3B}.Debug|Any CPU.Build.0 = Debug|Any CPU
		{43F365E2-B50B-4EFC-A7D4-B01BF2A43A3B}.Release|Any CPU.ActiveCfg = Release|Any CPU
		{43F365E2-B50B-4EFC-A7D4-B01BF2A43A3B}.Release|Any CPU.Build.0 = Release|Any CPU
	EndGlobalSection
	GlobalSection(SolutionProperties) = preSolution
		HideSolutionNode = FALSE
	EndGlobalSection
	GlobalSection(ExtensibilityGlobals) = postSolution
		SolutionGuid = {907BCBBA-F8AA-405B-A49B-BA550F806476}
	EndGlobalSection
EndGlobal
